
Microsoft Visual Studio Solution File, Format Version 12.00
# Visual Studio Version 16
VisualStudioVersion = 16.0.30611.23
MinimumVisualStudioVersion = 10.0.40219.1
Project("{FAE04EC0-301F-11D3-BF4B-00C04F79EFBC}") = "SimpleApp", "SimpleApp.csproj", "{989D8380-F132-4340-A2C2-2246122382B4}"
EndProject
Global
	GlobalSection(SolutionConfigurationPlatforms) = preSolution
		Debug|Any CPU = Debug|Any CPU
		Release|Any CPU = Release|Any CPU
	EndGlobalSection
	GlobalSection(ProjectConfigurationPlatforms) = postSolution
		{989D8380-F132-4340-A2C2-2246122382B4}.Debug|Any CPU.ActiveCfg = Debug|Any CPU
		{989D8380-F132-4340-A2C2-2246122382B4}.Debug|Any CPU.Build.0 = Debug|Any CPU
		{989D8380-F132-4340-A2C2-2246122382B4}.Release|Any CPU.ActiveCfg = Release|Any CPU
		{989D8380-F132-4340-A2C2-2246122382B4}.Release|Any CPU.Build.0 = Release|Any CPU
	EndGlobalSection
	GlobalSection(SolutionProperties) = preSolution
		HideSolutionNode = FALSE
	EndGlobalSection
	GlobalSection(ExtensibilityGlobals) = postSolution
		SolutionGuid = {F30310C7-DA77-4F9B-B59D-D9FE55FB9E1B}
	EndGlobalSection
EndGlobal
